github.com/Code-Hex/go-wordwrap v1.0.0 h1:yl5fLyZEz3+hPGbpTRlTQ8mQJ1HXWcTq1FCNR1ch6zM=
github.com/Code-Hex/go-wordwrap v1.0.0/go.mod h1:/SsbgkY2Q0aPQRyvXcyQwWYTQOIwSORKe6MPjRVGIWU=
github.com/jessevdk/go-flags v1.4.0 h1:4IU2WS7AumrZ/40jfhf4QVDMsQwqA7VEHozFRrGARJA=
github.com/jessevdk/go-flags v1.4.0/go.mod h1:4FA24M0QyGHXBuZZK/XkWh8h0e1EYbRYJSGM75WSRxI=
github.com/mattn/go-colorable v0.1.11 h1:nQ+aFkoE2TMGc0b68U2OKSexC+eq46+XwZzWXHRmPYs=
github.com/mattn/go-colorable v0.1.11/go.mod h1:u5H1YNBxpqRaxsYJYSkiCWKzEfiAb1Gb520KVy5xxl4=
github.com/mattn/go-isatty v0.0.14 h1:yVuAays6BHfxijgZPzw+3Zlu5yQgKGP2/hcQbHb7S9Y=
github.com/mattn/go-isatty v0.0.14/go.mod h1:7GGIvUiUoEMVVmxf/4nioHXj79iQHKdU27kJ6hsGG94=
github.com/mattn/go-runewidth v0.0.7 h1:Ei8KR0497xHyKJPAv59M1dkC+rOZCMBJ+t3fZ+twI54=
github.com/mattn/go-runewidth v0.0.7/go.mod h1:H031xJmbD/WCDINGzjvQ9THkh0rPKHF+m2gUSrubnMI=
github.com/pkg/errors v0.8.1 h1:iURUrRGxPUNPdy5/HRSm+Yj6okJ6UtLINN0Q9M4+h3I=
github.com/pkg/errors v0.8.1/go.mod h1:bwawxfHBFNV+L2hUp1rHADufV3IMtnDRdf1r5NINEl0=
golang.org/x/crypto v0.0.0-20190211182817-74369b46fc67 h1:ng3VDlRp5/DHpSWl02R4rM9I+8M2rhmsuLwAMmkLQWE=
golang.org/x/crypto v0.0.0-20190211182817-74369b46fc67/go.mod h1:6SG95UA2DQfeDnfUPMdvaQW0Q7yPrPDi9nlGo2tz2b4=
golang.org/x/sys v0.0.0-20210630005230-0f9fa26af87c/go.mod h1:oPkhp1MJrh7nUepCBck5+mAzfO9JrbApNNgaTdGDITg=
golang.org/x/sys v0.0.0-20210927094055-39ccf1dd6fa6/go.mod h1:oPkhp1MJrh7nUepCBck5+mAzfO9JrbApNNgaTdGDITg=
golang.org/x/sys v0.0.0-20211102061401-a2f17f7b995c h1:QOfDMdrf/UwlVR0UBq2Mpr58UzNtvgJRXA4BgPfFACs=
golang.org/x/sys v0.0.0-20211102061401-a2f17f7b995c/go.mod h1:oPkhp1MJrh7nUepCBck5+mAzfO9JrbApNNgaTdGDITg=
